
Microsoft Visual Studio Solution File, Format Version 12.00
# Visual Studio Version 16
VisualStudioVersion = 16.0.29613.14
MinimumVisualStudioVersion = 10.0.40219.1
Project("{FAE04EC0-301F-11D3-BF4B-00C04F79EFBC}") = "FQR", "FQR\FQR.csproj", "{5CCDB953-96E4-4855-84B6-73059AF22374}"
EndProject
Global
	GlobalSection(SolutionConfigurationPlatforms) = preSolution
		Debug|Any CPU = Debug|Any CPU
		Release|Any CPU = Release|Any CPU
	EndGlobalSection
	GlobalSection(ProjectConfigurationPlatforms) = postSolution
		{5CCDB953-96E4-4855-84B6-73059AF22374}.Debug|Any CPU.ActiveCfg = Debug|Any CPU
		{5CCDB953-96E4-4855-84B6-73059AF22374}.Debug|Any CPU.Build.0 = Debug|Any CPU
		{5CCDB953-96E4-4855-84B6-73059AF22374}.Release|Any CPU.ActiveCfg = Release|Any CPU
		{5CCDB953-96E4-4855-84B6-73059AF22374}.Release|Any CPU.Build.0 = Release|Any CPU
	EndGlobalSection
	GlobalSection(SolutionProperties) = preSolution
		HideSolutionNode = FALSE
	EndGlobalSection
	GlobalSection(ExtensibilityGlobals) = postSolution
		SolutionGuid = {CBF47420-73BE-4334-9CD7-22E9AB770041}
	EndGlobalSection
EndGlobal
